{
  "name": "BrutusNEXT",
  "version": "0.0.0",
  "lockfileVersion": 1,
  "requires": true,
  "dependencies": {
    "@types/d3": {
      "version": "https://registry.npmjs.org/@types/d3/-/d3-4.4.1.tgz",
      "integrity": "sha1-dnN5LuALv0cdRmpsyZmNrgFy0L0=",
      "dev": true,
      "requires": {
        "@types/d3-array": "https://registry.npmjs.org/@types/d3-array/-/d3-array-1.0.7.tgz",
        "@types/d3-axis": "https://registry.npmjs.org/@types/d3-axis/-/d3-axis-1.0.6.tgz",
        "@types/d3-brush": "https://registry.npmjs.org/@types/d3-brush/-/d3-brush-1.0.6.tgz",
        "@types/d3-chord": "https://registry.npmjs.org/@types/d3-chord/-/d3-chord-1.0.5.tgz",
        "@types/d3-collection": "https://registry.npmjs.org/@types/d3-collection/-/d3-collection-1.0.4.tgz",
        "@types/d3-color": "https://registry.npmjs.org/@types/d3-color/-/d3-color-1.0.4.tgz",
        "@types/d3-dispatch": "https://registry.npmjs.org/@types/d3-dispatch/-/d3-dispatch-1.0.4.tgz",
        "@types/d3-drag": "https://registry.npmjs.org/@types/d3-drag/-/d3-drag-1.0.6.tgz",
        "@types/d3-dsv": "https://registry.npmjs.org/@types/d3-dsv/-/d3-dsv-1.0.29.tgz",
        "@types/d3-ease": "https://registry.npmjs.org/@types/d3-ease/-/d3-ease-1.0.5.tgz",
        "@types/d3-force": "https://registry.npmjs.org/@types/d3-force/-/d3-force-1.0.6.tgz",
        "@types/d3-format": "https://registry.npmjs.org/@types/d3-format/-/d3-format-1.0.7.tgz",
        "@types/d3-geo": "https://registry.npmjs.org/@types/d3-geo/-/d3-geo-1.4.0.tgz",
        "@types/d3-hierarchy": "https://registry.npmjs.org/@types/d3-hierarchy/-/d3-hierarchy-1.0.4.tgz",
        "@types/d3-interpolate": "https://registry.npmjs.org/@types/d3-interpolate/-/d3-interpolate-1.1.5.tgz",
        "@types/d3-path": "https://registry.npmjs.org/@types/d3-path/-/d3-path-1.0.5.tgz",
        "@types/d3-polygon": "https://registry.npmjs.org/@types/d3-polygon/-/d3-polygon-1.0.4.tgz",
        "@types/d3-quadtree": "https://registry.npmjs.org/@types/d3-quadtree/-/d3-quadtree-1.0.4.tgz",
        "@types/d3-queue": "https://registry.npmjs.org/@types/d3-queue/-/d3-queue-3.0.4.tgz",
        "@types/d3-random": "https://registry.npmjs.org/@types/d3-random/-/d3-random-1.0.5.tgz",
        "@types/d3-request": "https://registry.npmjs.org/@types/d3-request/-/d3-request-1.0.1.tgz",
        "@types/d3-scale": "https://registry.npmjs.org/@types/d3-scale/-/d3-scale-1.0.6.tgz",
        "@types/d3-selection": "https://registry.npmjs.org/@types/d3-selection/-/d3-selection-1.0.9.tgz",
        "@types/d3-shape": "https://registry.npmjs.org/@types/d3-shape/-/d3-shape-1.0.7.tgz",
        "@types/d3-time": "https://registry.npmjs.org/@types/d3-time/-/d3-time-1.0.5.tgz",
        "@types/d3-time-format": "https://registry.npmjs.org/@types/d3-time-format/-/d3-time-format-2.0.4.tgz",
        "@types/d3-timer": "https://registry.npmjs.org/@types/d3-timer/-/d3-timer-1.0.5.tgz",
        "@types/d3-transition": "https://registry.npmjs.org/@types/d3-transition/-/d3-transition-1.0.6.tgz",
        "@types/d3-voronoi": "https://registry.npmjs.org/@types/d3-voronoi/-/d3-voronoi-1.1.5.tgz",
        "@types/d3-zoom": "https://registry.npmjs.org/@types/d3-zoom/-/d3-zoom-1.1.0.tgz"
      }
    },
    "@types/d3-array": {
      "version": "https://registry.npmjs.org/@types/d3-array/-/d3-array-1.0.7.tgz",
      "integrity": "sha1-61pP+qJJ6gd4EjIa9jxRxDLM/BA=",
      "dev": true
    },
    "@types/d3-axis": {
      "version": "https://registry.npmjs.org/@types/d3-axis/-/d3-axis-1.0.6.tgz",
      "integrity": "sha1-a0bbP6zrtu/1uVfE0rppuQI5zgI=",
      "dev": true,
      "requires": {
        "@types/d3-selection": "https://registry.npmjs.org/@types/d3-selection/-/d3-selection-1.0.9.tgz"
      }
    },
    "@types/d3-brush": {
      "version": "https://registry.npmjs.org/@types/d3-brush/-/d3-brush-1.0.6.tgz",
      "integrity": "sha1-x1XOeZRPjSBdzqN3HJGhcyxybYg=",
      "dev": true,
      "requires": {
        "@types/d3-selection": "https://registry.npmjs.org/@types/d3-selection/-/d3-selection-1.0.9.tgz"
      }
    },
    "@types/d3-chord": {
      "version": "https://registry.npmjs.org/@types/d3-chord/-/d3-chord-1.0.5.tgz",
      "integrity": "sha1-SO1sFBUEOqvDUUpWB194dm5XVJI=",
      "dev": true
    },
    "@types/d3-collection": {
      "version": "https://registry.npmjs.org/@types/d3-collection/-/d3-collection-1.0.4.tgz",
      "integrity": "sha1-GbHu3iALpb2vtMivGa/jLC3npmA=",
      "dev": true
    },
    "@types/d3-color": {
      "version": "https://registry.npmjs.org/@types/d3-color/-/d3-color-1.0.4.tgz",
      "integrity": "sha1-8OG2QWL+ovkyAH+5ZsJsyK/zpH0=",
      "dev": true
    },
    "@types/d3-dispatch": {
      "version": "https://registry.npmjs.org/@types/d3-dispatch/-/d3-dispatch-1.0.4.tgz",
      "integrity": "sha1-kbjeYZgFPvxGeIrV8nGCvMQjNbU=",
      "dev": true
    },
    "@types/d3-drag": {
      "version": "https://registry.npmjs.org/@types/d3-drag/-/d3-drag-1.0.6.tgz",
      "integrity": "sha1-OLQTCszZeykmncWJnVn4e8Veq30=",
      "dev": true,
      "requires": {
        "@types/d3-selection": "https://registry.npmjs.org/@types/d3-selection/-/d3-selection-1.0.9.tgz"
      }
    },
    "@types/d3-dsv": {
      "version": "https://registry.npmjs.org/@types/d3-dsv/-/d3-dsv-1.0.29.tgz",
      "integrity": "sha1-BskrAewytcRXcB1SDVusY1ix+w8=",
      "dev": true
    },
    "@types/d3-ease": {
      "version": "https://registry.npmjs.org/@types/d3-ease/-/d3-ease-1.0.5.tgz",
      "integrity": "sha1-yuDEpt05vljMHJStCL2ZHC2TJAA=",
      "dev": true
    },
    "@types/d3-force": {
      "version": "https://registry.npmjs.org/@types/d3-force/-/d3-force-1.0.6.tgz",
      "integrity": "sha1-yt9cVZHl1VTJPdscNZ0rDaqDq8o=",
      "dev": true
    },
    "@types/d3-format": {
      "version": "https://registry.npmjs.org/@types/d3-format/-/d3-format-1.0.7.tgz",
      "integrity": "sha1-T0Deehne+GjzgRzE71434/8FRqM=",
      "dev": true
    },
    "@types/d3-geo": {
      "version": "https://registry.npmjs.org/@types/d3-geo/-/d3-geo-1.4.0.tgz",
      "integrity": "sha1-eZb8qGsdR4+cGZa3YhaTQLTRZko=",
      "dev": true,
      "requires": {
        "@types/geojson": "https://registry.npmjs.org/@types/geojson/-/geojson-0.0.32.tgz"
      }
    },
    "@types/d3-hierarchy": {
      "version": "https://registry.npmjs.org/@types/d3-hierarchy/-/d3-hierarchy-1.0.4.tgz",
      "integrity": "sha1-mFd2DcJ2Uj3WX27PhIt4SGkl2qg=",
      "dev": true
    },
    "@types/d3-interpolate": {
      "version": "https://registry.npmjs.org/@types/d3-interpolate/-/d3-interpolate-1.1.5.tgz",
      "integrity": "sha1-lWSFuw91wHtJsz97RKNc+p9/T0Y=",
      "dev": true,
      "requires": {
        "@types/d3-color": "https://registry.npmjs.org/@types/d3-color/-/d3-color-1.0.4.tgz"
      }
    },
    "@types/d3-path": {
      "version": "https://registry.npmjs.org/@types/d3-path/-/d3-path-1.0.5.tgz",
      "integrity": "sha1-hOVAQ0EASKGIwDEAWSwrnkF2ZPc=",
      "dev": true
    },
    "@types/d3-polygon": {
      "version": "https://registry.npmjs.org/@types/d3-polygon/-/d3-polygon-1.0.4.tgz",
      "integrity": "sha1-RKoQvwgcjodkKCf+tihegoDD7uQ=",
      "dev": true
    },
    "@types/d3-quadtree": {
      "version": "https://registry.npmjs.org/@types/d3-quadtree/-/d3-quadtree-1.0.4.tgz",
      "integrity": "sha1-+xZOAKgvMQW4EK+tdXgEZkdCwEk=",
      "dev": true
    },
    "@types/d3-queue": {
      "version": "https://registry.npmjs.org/@types/d3-queue/-/d3-queue-3.0.4.tgz",
      "integrity": "sha1-qGttVeMH02Ou3VFT2PERd5PfZxA=",
      "dev": true
    },
    "@types/d3-random": {
      "version": "https://registry.npmjs.org/@types/d3-random/-/d3-random-1.0.5.tgz",
      "integrity": "sha1-4dIS9QM3aJn4opDrrpy/YG6shW0=",
      "dev": true
    },
    "@types/d3-request": {
      "version": "https://registry.npmjs.org/@types/d3-request/-/d3-request-1.0.1.tgz",
      "integrity": "sha1-s+i3nJdhizloFO6JMaMY7+mlHGQ=",
      "dev": true,
      "requires": {
        "@types/d3-dsv": "https://registry.npmjs.org/@types/d3-dsv/-/d3-dsv-1.0.29.tgz"
      }
    },
    "@types/d3-scale": {
      "version": "https://registry.npmjs.org/@types/d3-scale/-/d3-scale-1.0.6.tgz",
      "integrity": "sha1-GkfuXTM6XWjMhYxlpH2f1pn0hXM=",
      "dev": true,
      "requires": {
        "@types/d3-time": "https://registry.npmjs.org/@types/d3-time/-/d3-time-1.0.5.tgz"
      }
    },
    "@types/d3-selection": {
      "version": "https://registry.npmjs.org/@types/d3-selection/-/d3-selection-1.0.9.tgz",
      "integrity": "sha1-kGX5X5MUaOsqWtW6V1Mai7PB4fE=",
      "dev": true
    },
    "@types/d3-shape": {
      "version": "https://registry.npmjs.org/@types/d3-shape/-/d3-shape-1.0.7.tgz",
      "integrity": "sha1-VecM/IaBi95DXOAU94s4Lk0i8+Q=",
      "dev": true,
      "requires": {
        "@types/d3-path": "https://registry.npmjs.org/@types/d3-path/-/d3-path-1.0.5.tgz"
      }
    },
    "@types/d3-time": {
      "version": "https://registry.npmjs.org/@types/d3-time/-/d3-time-1.0.5.tgz",
      "integrity": "sha1-yG8fQ9wrItPGx1zRc07/7adCE+U=",
      "dev": true
    },
    "@types/d3-time-format": {
      "version": "https://registry.npmjs.org/@types/d3-time-format/-/d3-time-format-2.0.4.tgz",
      "integrity": "sha1-P0dJZS80e85LHEBQU7DPxRVM9Tc=",
      "dev": true
    },
    "@types/d3-timer": {
      "version": "https://registry.npmjs.org/@types/d3-timer/-/d3-timer-1.0.5.tgz",
      "integrity": "sha1-qtMeaqGFpkQPVE2RZ+8xlGZ9fx4=",
      "dev": true
    },
    "@types/d3-transition": {
      "version": "https://registry.npmjs.org/@types/d3-transition/-/d3-transition-1.0.6.tgz",
      "integrity": "sha1-9MxSlL/mH29ZjExut2XmDFTlQ+o=",
      "dev": true,
      "requires": {
        "@types/d3-selection": "https://registry.npmjs.org/@types/d3-selection/-/d3-selection-1.0.9.tgz"
      }
    },
    "@types/d3-voronoi": {
      "version": "https://registry.npmjs.org/@types/d3-voronoi/-/d3-voronoi-1.1.5.tgz",
      "integrity": "sha1-Z9A6yy1WAGuyAsIM7huNWtn+BGE=",
      "dev": true
    },
    "@types/d3-zoom": {
      "version": "https://registry.npmjs.org/@types/d3-zoom/-/d3-zoom-1.1.0.tgz",
      "integrity": "sha1-KAdnjLn/RM/3D1KmxyxrlcMD3Yg=",
      "dev": true,
      "requires": {
        "@types/d3-interpolate": "https://registry.npmjs.org/@types/d3-interpolate/-/d3-interpolate-1.1.5.tgz",
        "@types/d3-selection": "https://registry.npmjs.org/@types/d3-selection/-/d3-selection-1.0.9.tgz"
      }
    },
    "@types/events": {
      "version": "1.1.0",
      "resolved": "https://registry.npmjs.org/@types/events/-/events-1.1.0.tgz",
      "integrity": "sha512-y3bR98mzYOo0pAZuiLari+cQyiKk3UXRuT45h1RjhfeCzqkjaVsfZJNaxdgtk7/3tzOm1ozLTqEqMP3VbI48jw=="
    },
    "@types/geojson": {
      "version": "https://registry.npmjs.org/@types/geojson/-/geojson-0.0.32.tgz",
      "integrity": "sha1-FXHurwRTN7JChSiF8I2alF4cyUA=",
      "dev": true
    },
    "@types/jquery": {
      "version": "https://registry.npmjs.org/@types/jquery/-/jquery-2.0.48.tgz",
      "integrity": "sha1-PpDYzeLSkBXlWDAX94MMs5dbLu8="
    },
    "@types/node": {
      "version": "https://registry.npmjs.org/@types/node/-/node-7.0.5.tgz",
      "integrity": "sha1-lqDwphi3tgbx7FR0A8AGUCEL+7c="
    },
    "@types/ws": {
      "version": "4.0.1",
      "resolved": "https://registry.npmjs.org/@types/ws/-/ws-4.0.1.tgz",
      "integrity": "sha512-J56Wn8j7ovzmlrkUSPXnVRH+YXUCGoVokiB49QIjz+yq0234guOrBvF/HHrqrJjnY4p5oq+q6xAxT/7An6SeWQ==",
      "requires": {
        "@types/events": "1.1.0",
        "@types/node": "https://registry.npmjs.org/@types/node/-/node-7.0.5.tgz"
      }
    },
    "any-promise": {
      "version": "https://registry.npmjs.org/any-promise/-/any-promise-1.1.0.tgz",
      "integrity": "sha1-AOKk94siRU/23+xDbt8vk6jFn6g="
    },
    "async-limiter": {
      "version": "1.0.0",
      "resolved": "https://registry.npmjs.org/async-limiter/-/async-limiter-1.0.0.tgz",
      "integrity": "sha512-jp/uFnooOiO+L211eZOoSyzpOITMXx1rBITauYykG3BRYPu8h0UcxsPNB04RR5vo4Tyz3+ay17tR6JVf9qzYWg=="
    },
    "balanced-match": {
      "version": "https://registry.npmjs.org/balanced-match/-/balanced-match-0.3.0.tgz",
      "integrity": "sha1-qRzdHr7xqGZZ5w/03vAWJfwtZ1Y="
    },
    "brace-expansion": {
      "version": "https://registry.npmjs.org/brace-expansion/-/brace-expansion-1.1.3.tgz",
      "integrity": "sha1-Rr/1ARXUf8mriYVKu4fZgHihCZE=",
      "requires": {
        "balanced-match": "https://registry.npmjs.org/balanced-match/-/balanced-match-0.3.0.tgz",
        "concat-map": "https://registry.npmjs.org/concat-map/-/concat-map-0.0.1.tgz"
      }
    },
    "commander": {
      "version": "https://registry.npmjs.org/commander/-/commander-0.0.1.tgz",
      "integrity": "sha1-TUEoZyGC03f6U2GNMSgqmF7rApg="
    },
    "concat-map": {
      "version": "https://registry.npmjs.org/concat-map/-/concat-map-0.0.1.tgz",
      "integrity": "sha1-2Klr13/Wjfd5OnMDajug1UBdR3s="
    },
    "d3": {
      "version": "https://registry.npmjs.org/d3/-/d3-4.5.0.tgz",
      "integrity": "sha1-toQSuErOPBikn+5DvhshKxOiP5c=",
      "requires": {
        "d3-array": "https://registry.npmjs.org/d3-array/-/d3-array-1.0.2.tgz",
        "d3-axis": "https://registry.npmjs.org/d3-axis/-/d3-axis-1.0.4.tgz",
        "d3-brush": "https://registry.npmjs.org/d3-brush/-/d3-brush-1.0.3.tgz",
        "d3-chord": "https://registry.npmjs.org/d3-chord/-/d3-chord-1.0.3.tgz",
        "d3-collection": "https://registry.npmjs.org/d3-collection/-/d3-collection-1.0.2.tgz",
        "d3-color": "https://registry.npmjs.org/d3-color/-/d3-color-1.0.2.tgz",
        "d3-dispatch": "https://registry.npmjs.org/d3-dispatch/-/d3-dispatch-1.0.2.tgz",
        "d3-drag": "https://registry.npmjs.org/d3-drag/-/d3-drag-1.0.2.tgz",
        "d3-dsv": "https://registry.npmjs.org/d3-dsv/-/d3-dsv-1.0.3.tgz",
        "d3-ease": "https://registry.npmjs.org/d3-ease/-/d3-ease-1.0.2.tgz",
        "d3-force": "https://registry.npmjs.org/d3-force/-/d3-force-1.0.4.tgz",
        "d3-format": "https://registry.npmjs.org/d3-format/-/d3-format-1.0.2.tgz",
        "d3-geo": "https://registry.npmjs.org/d3-geo/-/d3-geo-1.4.0.tgz",
        "d3-hierarchy": "https://registry.npmjs.org/d3-hierarchy/-/d3-hierarchy-1.1.1.tgz",
        "d3-interpolate": "https://registry.npmjs.org/d3-interpolate/-/d3-interpolate-1.1.3.tgz",
        "d3-path": "https://registry.npmjs.org/d3-path/-/d3-path-1.0.3.tgz",
        "d3-polygon": "https://registry.npmjs.org/d3-polygon/-/d3-polygon-1.0.2.tgz",
        "d3-quadtree": "https://registry.npmjs.org/d3-quadtree/-/d3-quadtree-1.0.2.tgz",
        "d3-queue": "https://registry.npmjs.org/d3-queue/-/d3-queue-3.0.3.tgz",
        "d3-random": "https://registry.npmjs.org/d3-random/-/d3-random-1.0.2.tgz",
        "d3-request": "https://registry.npmjs.org/d3-request/-/d3-request-1.0.3.tgz",
        "d3-scale": "https://registry.npmjs.org/d3-scale/-/d3-scale-1.0.4.tgz",
        "d3-selection": "https://registry.npmjs.org/d3-selection/-/d3-selection-1.0.3.tgz",
        "d3-shape": "https://registry.npmjs.org/d3-shape/-/d3-shape-1.0.4.tgz",
        "d3-time": "https://registry.npmjs.org/d3-time/-/d3-time-1.0.4.tgz",
        "d3-time-format": "https://registry.npmjs.org/d3-time-format/-/d3-time-format-2.0.3.tgz",
        "d3-timer": "https://registry.npmjs.org/d3-timer/-/d3-timer-1.0.4.tgz",
        "d3-transition": "https://registry.npmjs.org/d3-transition/-/d3-transition-1.0.3.tgz",
        "d3-voronoi": "https://registry.npmjs.org/d3-voronoi/-/d3-voronoi-1.1.1.tgz",
        "d3-zoom": "https://registry.npmjs.org/d3-zoom/-/d3-zoom-1.1.1.tgz"
      }
    },
    "d3-array": {
      "version": "https://registry.npmjs.org/d3-array/-/d3-array-1.0.2.tgz",
      "integrity": "sha1-F0I3vzVqhS+t1q+HdD2ShjHedlU="
    },
    "d3-axis": {
      "version": "https://registry.npmjs.org/d3-axis/-/d3-axis-1.0.4.tgz",
      "integrity": "sha1-vf3PXoWYJAYuDxetkg92I25yUSw="
    },
    "d3-brush": {
      "version": "https://registry.npmjs.org/d3-brush/-/d3-brush-1.0.3.tgz",
      "integrity": "sha1-T6U3TMO3VdCZC/drcbemZBd1HHQ=",
      "requires": {
        "d3-dispatch": "https://registry.npmjs.org/d3-dispatch/-/d3-dispatch-1.0.2.tgz",
        "d3-drag": "https://registry.npmjs.org/d3-drag/-/d3-drag-1.0.2.tgz",
        "d3-interpolate": "https://registry.npmjs.org/d3-interpolate/-/d3-interpolate-1.1.3.tgz",
        "d3-selection": "https://registry.npmjs.org/d3-selection/-/d3-selection-1.0.3.tgz",
        "d3-transition": "https://registry.npmjs.org/d3-transition/-/d3-transition-1.0.3.tgz"
      }
    },
    "d3-chord": {
      "version": "https://registry.npmjs.org/d3-chord/-/d3-chord-1.0.3.tgz",
      "integrity": "sha1-o5i658tjKjxOpoelVaa57kYJ2ZA=",
      "requires": {
        "d3-array": "https://registry.npmjs.org/d3-array/-/d3-array-1.0.2.tgz",
        "d3-path": "https://registry.npmjs.org/d3-path/-/d3-path-1.0.3.tgz"
      }
    },
    "d3-collection": {
      "version": "https://registry.npmjs.org/d3-collection/-/d3-collection-1.0.2.tgz",
      "integrity": "sha1-31rLVABEPp6r6cE3mJbGflJCazk="
    },
    "d3-color": {
      "version": "https://registry.npmjs.org/d3-color/-/d3-color-1.0.2.tgz",
      "integrity": "sha1-g8tLOpR05AeV8AnZfpehVkmDC7w="
    },
    "d3-dispatch": {
      "version": "https://registry.npmjs.org/d3-dispatch/-/d3-dispatch-1.0.2.tgz",
      "integrity": "sha1-W1EeeaRqH4lJKEHAqPZWaH1dqgo="
    },
    "d3-drag": {
      "version": "https://registry.npmjs.org/d3-drag/-/d3-drag-1.0.2.tgz",
      "integrity": "sha1-1jTMP3aJ+Z3QP9frGvKUXA9DOa0=",
      "requires": {
        "d3-dispatch": "https://registry.npmjs.org/d3-dispatch/-/d3-dispatch-1.0.2.tgz",
        "d3-selection": "https://registry.npmjs.org/d3-selection/-/d3-selection-1.0.3.tgz"
      }
    },
    "d3-dsv": {
      "version": "https://registry.npmjs.org/d3-dsv/-/d3-dsv-1.0.3.tgz",
      "integrity": "sha1-BJ/kPA9fYMf/fTdmFrx21vydN48=",
      "requires": {
        "commander": "https://registry.npmjs.org/commander/-/commander-2.9.0.tgz",
        "iconv-lite": "https://registry.npmjs.org/iconv-lite/-/iconv-lite-0.4.15.tgz",
        "rw": "https://registry.npmjs.org/rw/-/rw-1.3.3.tgz"
      },
      "dependencies": {
        "commander": {
          "version": "https://registry.npmjs.org/commander/-/commander-2.9.0.tgz",
          "integrity": "sha1-nJkJQXbhIkDLItbFFGCYQA/g99Q=",
          "requires": {
            "graceful-readlink": "https://registry.npmjs.org/graceful-readlink/-/graceful-readlink-1.0.1.tgz"
          }
        }
      }
    },
    "d3-ease": {
      "version": "https://registry.npmjs.org/d3-ease/-/d3-ease-1.0.2.tgz",
      "integrity": "sha1-tIb488owjKe+OBl9ZWIrbjCYM3c="
    },
    "d3-force": {
      "version": "https://registry.npmjs.org/d3-force/-/d3-force-1.0.4.tgz",
      "integrity": "sha1-+E3LsyAL5B3nvDD6cZIxQxVnWL8=",
      "requires": {
        "d3-collection": "https://registry.npmjs.org/d3-collection/-/d3-collection-1.0.2.tgz",
        "d3-dispatch": "https://registry.npmjs.org/d3-dispatch/-/d3-dispatch-1.0.2.tgz",
        "d3-quadtree": "https://registry.npmjs.org/d3-quadtree/-/d3-quadtree-1.0.2.tgz",
        "d3-timer": "https://registry.npmjs.org/d3-timer/-/d3-timer-1.0.4.tgz"
      }
    },
    "d3-format": {
      "version": "https://registry.npmjs.org/d3-format/-/d3-format-1.0.2.tgz",
      "integrity": "sha1-E4YYMgtLvrQ7XA/zBRkHn7vXN14="
    },
    "d3-geo": {
      "version": "https://registry.npmjs.org/d3-geo/-/d3-geo-1.4.0.tgz",
      "integrity": "sha1-FeWMQUtbr6GpYO7rKQWclKYNhAg=",
      "requires": {
        "d3-array": "https://registry.npmjs.org/d3-array/-/d3-array-1.0.2.tgz"
      }
    },
    "d3-hierarchy": {
      "version": "https://registry.npmjs.org/d3-hierarchy/-/d3-hierarchy-1.1.1.tgz",
      "integrity": "sha1-be78zfGfNw38d7ZTgoTpU+DnabM="
    },
    "d3-interpolate": {
      "version": "https://registry.npmjs.org/d3-interpolate/-/d3-interpolate-1.1.3.tgz",
      "integrity": "sha1-4RnJG2vklB5YFnXKPhJ5u5K9LJs=",
      "requires": {
        "d3-color": "https://registry.npmjs.org/d3-color/-/d3-color-1.0.2.tgz"
      }
    },
    "d3-path": {
      "version": "https://registry.npmjs.org/d3-path/-/d3-path-1.0.3.tgz",
      "integrity": "sha1-YBA9DeqabNbKWN6GxtVnJAAtP94="
    },
    "d3-polygon": {
      "version": "https://registry.npmjs.org/d3-polygon/-/d3-polygon-1.0.2.tgz",
      "integrity": "sha1-ZVLA+wOqLQUCM1Habg6K3E3wICs="
    },
    "d3-quadtree": {
      "version": "https://registry.npmjs.org/d3-quadtree/-/d3-quadtree-1.0.2.tgz",
      "integrity": "sha1-5+hzrwaqpCfqpK8JTMTL+zULnjg="
    },
    "d3-queue": {
      "version": "https://registry.npmjs.org/d3-queue/-/d3-queue-3.0.3.tgz",
      "integrity": "sha1-EO5N0FdKGv+qv7kx0LpPEXkm7cY="
    },
    "d3-random": {
      "version": "https://registry.npmjs.org/d3-random/-/d3-random-1.0.2.tgz",
      "integrity": "sha1-g/9qORIGIJwwVlKZ5DxlSYZtsmk="
    },
    "d3-request": {
      "version": "https://registry.npmjs.org/d3-request/-/d3-request-1.0.3.tgz",
      "integrity": "sha1-Y/x9/XhGB9sN9dU118uJj866dVo=",
      "requires": {
        "d3-collection": "https://registry.npmjs.org/d3-collection/-/d3-collection-1.0.2.tgz",
        "d3-dispatch": "https://registry.npmjs.org/d3-dispatch/-/d3-dispatch-1.0.2.tgz",
        "d3-dsv": "https://registry.npmjs.org/d3-dsv/-/d3-dsv-1.0.3.tgz",
        "xmlhttprequest": "https://registry.npmjs.org/xmlhttprequest/-/xmlhttprequest-1.8.0.tgz"
      }
    },
    "d3-scale": {
      "version": "https://registry.npmjs.org/d3-scale/-/d3-scale-1.0.4.tgz",
      "integrity": "sha1-UOKL9qGTtwZ0VShRXtmz1EIFoDM=",
      "requires": {
        "d3-array": "https://registry.npmjs.org/d3-array/-/d3-array-1.0.2.tgz",
        "d3-collection": "https://registry.npmjs.org/d3-collection/-/d3-collection-1.0.2.tgz",
        "d3-color": "https://registry.npmjs.org/d3-color/-/d3-color-1.0.2.tgz",
        "d3-format": "https://registry.npmjs.org/d3-format/-/d3-format-1.0.2.tgz",
        "d3-interpolate": "https://registry.npmjs.org/d3-interpolate/-/d3-interpolate-1.1.3.tgz",
        "d3-time": "https://registry.npmjs.org/d3-time/-/d3-time-1.0.4.tgz",
        "d3-time-format": "https://registry.npmjs.org/d3-time-format/-/d3-time-format-2.0.3.tgz"
      }
    },
    "d3-selection": {
      "version": "https://registry.npmjs.org/d3-selection/-/d3-selection-1.0.3.tgz",
      "integrity": "sha1-5j5RQWFyQnhUwbzfoGbrX+hywQg="
    },
    "d3-shape": {
      "version": "https://registry.npmjs.org/d3-shape/-/d3-shape-1.0.4.tgz",
      "integrity": "sha1-FF7hAMy+xC+OPxmWzQXHhvef4cY=",
      "requires": {
        "d3-path": "https://registry.npmjs.org/d3-path/-/d3-path-1.0.3.tgz"
      }
    },
    "d3-time": {
      "version": "https://registry.npmjs.org/d3-time/-/d3-time-1.0.4.tgz",
      "integrity": "sha1-LOugmna3RQyZKh3tThD8YZXmlkk="
    },
    "d3-time-format": {
      "version": "https://registry.npmjs.org/d3-time-format/-/d3-time-format-2.0.3.tgz",
      "integrity": "sha1-MkFWm3TdycQuBonA6KkDV5/WKAo=",
      "requires": {
        "d3-time": "https://registry.npmjs.org/d3-time/-/d3-time-1.0.4.tgz"
      }
    },
    "d3-timer": {
      "version": "https://registry.npmjs.org/d3-timer/-/d3-timer-1.0.4.tgz",
      "integrity": "sha1-ra9/YMe1TJmy/6vSjBWgwQinUyE="
    },
    "d3-transition": {
      "version": "https://registry.npmjs.org/d3-transition/-/d3-transition-1.0.3.tgz",
      "integrity": "sha1-kdyYa92zCXNjkyCoXbcs5KsaJ7s=",
      "requires": {
        "d3-color": "https://registry.npmjs.org/d3-color/-/d3-color-1.0.2.tgz",
        "d3-dispatch": "https://registry.npmjs.org/d3-dispatch/-/d3-dispatch-1.0.2.tgz",
        "d3-ease": "https://registry.npmjs.org/d3-ease/-/d3-ease-1.0.2.tgz",
        "d3-interpolate": "https://registry.npmjs.org/d3-interpolate/-/d3-interpolate-1.1.3.tgz",
        "d3-selection": "https://registry.npmjs.org/d3-selection/-/d3-selection-1.0.3.tgz",
        "d3-timer": "https://registry.npmjs.org/d3-timer/-/d3-timer-1.0.4.tgz"
      }
    },
    "d3-voronoi": {
      "version": "https://registry.npmjs.org/d3-voronoi/-/d3-voronoi-1.1.1.tgz",
      "integrity": "sha1-mYVE3KmO8OiabEDAusNRDRvBuLk="
    },
    "d3-zoom": {
      "version": "https://registry.npmjs.org/d3-zoom/-/d3-zoom-1.1.1.tgz",
      "integrity": "sha1-0jYtj3BDwfxdlqQ43mn04C7x5ns=",
      "requires": {
        "d3-dispatch": "https://registry.npmjs.org/d3-dispatch/-/d3-dispatch-1.0.2.tgz",
        "d3-drag": "https://registry.npmjs.org/d3-drag/-/d3-drag-1.0.2.tgz",
        "d3-interpolate": "https://registry.npmjs.org/d3-interpolate/-/d3-interpolate-1.1.3.tgz",
        "d3-selection": "https://registry.npmjs.org/d3-selection/-/d3-selection-1.0.3.tgz",
        "d3-transition": "https://registry.npmjs.org/d3-transition/-/d3-transition-1.0.3.tgz"
      }
    },
    "fastbitset": {
      "version": "https://registry.npmjs.org/fastbitset/-/fastbitset-0.2.4.tgz",
      "integrity": "sha1-SJaxTYIfrfW+nfUN2bl6OT6hlpM="
    },
    "fs-extra": {
      "version": "https://registry.npmjs.org/fs-extra/-/fs-extra-0.26.7.tgz",
      "integrity": "sha1-muH92UiXeY7at20JGM9C0MMYT6k=",
      "requires": {
        "graceful-fs": "https://registry.npmjs.org/graceful-fs/-/graceful-fs-4.1.3.tgz",
        "jsonfile": "https://registry.npmjs.org/jsonfile/-/jsonfile-2.2.3.tgz",
        "klaw": "https://registry.npmjs.org/klaw/-/klaw-1.1.3.tgz",
        "path-is-absolute": "https://registry.npmjs.org/path-is-absolute/-/path-is-absolute-1.0.0.tgz",
        "rimraf": "https://registry.npmjs.org/rimraf/-/rimraf-2.5.2.tgz"
      }
    },
    "fs-promise": {
      "version": "https://registry.npmjs.org/fs-promise/-/fs-promise-0.5.0.tgz",
      "integrity": "sha1-Q0fWv2JGVacGGkMZITw5MnatPvM=",
      "requires": {
        "any-promise": "https://registry.npmjs.org/any-promise/-/any-promise-1.1.0.tgz",
        "fs-extra": "https://registry.npmjs.org/fs-extra/-/fs-extra-0.26.7.tgz",
        "mz": "https://registry.npmjs.org/mz/-/mz-2.4.0.tgz",
        "thenify-all": "https://registry.npmjs.org/thenify-all/-/thenify-all-1.6.0.tgz"
      }
    },
    "glob": {
      "version": "https://registry.npmjs.org/glob/-/glob-7.0.3.tgz",
      "integrity": "sha1-CqI1kxpKlqwT1g/6wvuHe9btT1g=",
      "requires": {
        "inflight": "https://registry.npmjs.org/inflight/-/inflight-1.0.4.tgz",
        "inherits": "https://registry.npmjs.org/inherits/-/inherits-2.0.1.tgz",
        "minimatch": "https://registry.npmjs.org/minimatch/-/minimatch-3.0.0.tgz",
        "once": "https://registry.npmjs.org/once/-/once-1.3.3.tgz",
        "path-is-absolute": "https://registry.npmjs.org/path-is-absolute/-/path-is-absolute-1.0.0.tgz"
      }
    },
    "graceful-fs": {
      "version": "https://registry.npmjs.org/graceful-fs/-/graceful-fs-4.1.3.tgz",
      "integrity": "sha1-kgM84RETxB4mKNYf36QLwQ3AFVw="
    },
    "graceful-readlink": {
      "version": "https://registry.npmjs.org/graceful-readlink/-/graceful-readlink-1.0.1.tgz",
      "integrity": "sha1-TK+tdrxi8C+gObL5Tpo906ORpyU="
    },
    "iconv-lite": {
      "version": "https://registry.npmjs.org/iconv-lite/-/iconv-lite-0.4.15.tgz",
      "integrity": "sha1-/iZaIYrGpXz+hUkn6dBMGYJe3es="
    },
    "inflight": {
      "version": "https://registry.npmjs.org/inflight/-/inflight-1.0.4.tgz",
      "integrity": "sha1-bLtFIevVHODsCpNr/XZX736bFyo=",
      "requires": {
        "once": "https://registry.npmjs.org/once/-/once-1.3.3.tgz",
        "wrappy": "https://registry.npmjs.org/wrappy/-/wrappy-1.0.1.tgz"
      }
    },
    "inherits": {
      "version": "https://registry.npmjs.org/inherits/-/inherits-2.0.1.tgz",
      "integrity": "sha1-sX0I0ya0Qj5Wjv9xn5GwscvfafE="
    },
    "jsonfile": {
      "version": "https://registry.npmjs.org/jsonfile/-/jsonfile-2.2.3.tgz",
      "integrity": "sha1-4lK5mmr5AdPsQfMyWJyQUJp7xgU="
    },
    "klaw": {
      "version": "https://registry.npmjs.org/klaw/-/klaw-1.1.3.tgz",
      "integrity": "sha1-faM8a0L5s9yc7ADRfxOvAX/MJyE="
    },
    "minimatch": {
      "version": "https://registry.npmjs.org/minimatch/-/minimatch-3.0.0.tgz",
      "integrity": "sha1-UjYVelHk8ATBd/s8Un/33Xjw74M=",
      "requires": {
        "brace-expansion": "https://registry.npmjs.org/brace-expansion/-/brace-expansion-1.1.3.tgz"
      }
    },
    "mz": {
      "version": "https://registry.npmjs.org/mz/-/mz-2.4.0.tgz",
      "integrity": "sha1-mHupYk2JOVOIw3y0dB4sr03ROxo=",
      "requires": {
        "any-promise": "https://registry.npmjs.org/any-promise/-/any-promise-1.1.0.tgz",
        "object-assign": "https://registry.npmjs.org/object-assign/-/object-assign-4.0.1.tgz",
        "thenify-all": "https://registry.npmjs.org/thenify-all/-/thenify-all-1.6.0.tgz"
      }
    },
    "object-assign": {
      "version": "https://registry.npmjs.org/object-assign/-/object-assign-4.0.1.tgz",
      "integrity": "sha1-mVBEVsNZi1ytT8WcJuipuxB/4L0="
    },
    "once": {
      "version": "https://registry.npmjs.org/once/-/once-1.3.3.tgz",
      "integrity": "sha1-suJhVXzkwxTsgwTz+oJmPkKXyiA=",
      "requires": {
        "wrappy": "https://registry.npmjs.org/wrappy/-/wrappy-1.0.1.tgz"
      }
    },
    "path-is-absolute": {
      "version": "https://registry.npmjs.org/path-is-absolute/-/path-is-absolute-1.0.0.tgz",
      "integrity": "sha1-Jj2tpmqz8vsQv3+dJN2PPlcO+RI="
    },
    "requirejs": {
      "version": "https://registry.npmjs.org/requirejs/-/requirejs-2.3.3.tgz",
      "integrity": "sha1-qln9OgKH6vQHlZoTgigES13WpqM="
    },
    "rimraf": {
      "version": "https://registry.npmjs.org/rimraf/-/rimraf-2.5.2.tgz",
      "integrity": "sha1-YrqUf6TAtDY4Oa7+zU8PutYFlyY=",
      "requires": {
        "glob": "https://registry.npmjs.org/glob/-/glob-7.0.3.tgz"
      }
    },
    "rw": {
      "version": "https://registry.npmjs.org/rw/-/rw-1.3.3.tgz",
      "integrity": "sha1-P4Yt+pGrdmsUiF700BEkv9oHT7Q="
    },
    "safe-buffer": {
      "version": "5.1.1",
      "resolved": "https://registry.npmjs.org/safe-buffer/-/safe-buffer-5.1.1.tgz",
      "integrity": "sha512-kKvNJn6Mm93gAczWVJg7wH+wGYWNrDHdWvpUmHyEsgCtIwwo3bqPtV4tR5tuPaUhTOo/kvhVwd8XwwOllGYkbg=="
    },
    "thenify": {
      "version": "https://registry.npmjs.org/thenify/-/thenify-3.2.0.tgz",
      "integrity": "sha1-QLkCsbxEFtwI2G8Q//81hvDscbk=",
      "requires": {
        "any-promise": "https://registry.npmjs.org/any-promise/-/any-promise-1.1.0.tgz"
      }
    },
    "thenify-all": {
      "version": "https://registry.npmjs.org/thenify-all/-/thenify-all-1.6.0.tgz",
      "integrity": "sha1-GhkY1ALY/D+Y+/I02wvMjMEOlyY=",
      "requires": {
        "thenify": "https://registry.npmjs.org/thenify/-/thenify-3.2.0.tgz"
      }
    },
    "typescript": {
      "version": "https://registry.npmjs.org/typescript/-/typescript-2.6.2.tgz",
      "integrity": "sha1-PFtv1/beCRQmkCfwPAlGdY92c6Q="
    },
    "wrappy": {
      "version": "https://registry.npmjs.org/wrappy/-/wrappy-1.0.1.tgz",
      "integrity": "sha1-HmWWmWXMvC20VIxrhKbyxa7dRzk="
    },
    "ws": {
      "version": "4.1.0",
      "resolved": "https://registry.npmjs.org/ws/-/ws-4.1.0.tgz",
      "integrity": "sha512-ZGh/8kF9rrRNffkLFV4AzhvooEclrOH0xaugmqGsIfFgOE/pIz4fMc4Ef+5HSQqTEug2S9JZIWDR47duDSLfaA==",
      "requires": {
        "async-limiter": "1.0.0",
        "safe-buffer": "5.1.1"
      }
    },
    "xmlhttprequest": {
      "version": "https://registry.npmjs.org/xmlhttprequest/-/xmlhttprequest-1.8.0.tgz",
      "integrity": "sha1-Z/4HXFwk/vOfnWX197f+dRcZaPw="
    }
  }
}
